
Microsoft Visual Studio Solution File, Format Version 12.00
# Visual Studio Version 17
VisualStudioVersion = 17.14.36623.8
MinimumVisualStudioVersion = 10.0.40219.1
Project("{FAE04EC0-301F-11D3-BF4B-00C04F79EFBC}") = "SchoolManagementDomain", "SchoolManagementDomain\SchoolManagementDomain.csproj", "{DBDEA754-9702-5DF7-635C-04A3A76BDC3B}"
EndProject
Global
	GlobalSection(SolutionConfigurationPlatforms) = preSolution
		Debug|Any CPU = Debug|Any CPU
		Release|Any CPU = Release|Any CPU
	EndGlobalSection
	GlobalSection(ProjectConfigurationPlatforms) = postSolution
		{DBDEA754-9702-5DF7-635C-04A3A76BDC3B}.Debug|Any CPU.ActiveCfg = Debug|Any CPU
		{DBDEA754-9702-5DF7-635C-04A3A76BDC3B}.Debug|Any CPU.Build.0 = Debug|Any CPU
		{DBDEA754-9702-5DF7-635C-04A3A76BDC3B}.Release|Any CPU.ActiveCfg = Release|Any CPU
		{DBDEA754-9702-5DF7-635C-04A3A76BDC3B}.Release|Any CPU.Build.0 = Release|Any CPU
	EndGlobalSection
	GlobalSection(SolutionProperties) = preSolution
		HideSolutionNode = FALSE
	EndGlobalSection
	GlobalSection(ExtensibilityGlobals) = postSolution
		SolutionGuid = {122B21A6-422D-40B3-850B-93F6FC67C2C2}
	EndGlobalSection
EndGlobal
